---
lockVersion: 1.0.0
dependencies:
  codeql/dataflow:
    version: 0.2.3
  codeql/javascript-all:
    version: 0.8.12
  codeql/mad:
    version: 0.2.12
  codeql/regex:
    version: 0.2.12
  codeql/ssa:
    version: 0.2.12
  codeql/tutorial:
    version: 0.2.12
  codeql/typetracking:
    version: 0.2.12
  codeql/util:
    version: 0.2.12
  codeql/yaml:
    version: 0.2.12
compiled: false
